
Microsoft Visual Studio Solution File, Format Version 12.00
# Visual Studio Version 17
VisualStudioVersion = 17.1.32319.34
MinimumVisualStudioVersion = 10.0.40219.1
Project("{9A19103F-16F7-4668-BE54-9A1E7A4F7556}") = "Website", "Website\Website.csproj", "{C7320E17-78C8-4675-BF13-94CB69D2A151}"
EndProject
Project("{9A19103F-16F7-4668-BE54-9A1E7A4F7556}") = "Api", "Api\Api.csproj", "{C72F42E4-6134-4196-AAFE-EA27140B2943}"
EndProject
Global
	GlobalSection(SolutionConfigurationPlatforms) = preSolution
		Debug|Any CPU = Debug|Any CPU
		Release|Any CPU = Release|Any CPU
	EndGlobalSection
	GlobalSection(ProjectConfigurationPlatforms) = postSolution
		{C7320E17-78C8-4675-BF13-94CB69D2A151}.Debug|Any CPU.ActiveCfg = Debug|Any CPU
		{C7320E17-78C8-4675-BF13-94CB69D2A151}.Debug|Any CPU.Build.0 = Debug|Any CPU
		{C7320E17-78C8-4675-BF13-94CB69D2A151}.Release|Any CPU.ActiveCfg = Release|Any CPU
		{C7320E17-78C8-4675-BF13-94CB69D2A151}.Release|Any CPU.Build.0 = Release|Any CPU
		{C72F42E4-6134-4196-AAFE-EA27140B2943}.Debug|Any CPU.ActiveCfg = Debug|Any CPU
		{C72F42E4-6134-4196-AAFE-EA27140B2943}.Debug|Any CPU.Build.0 = Debug|Any CPU
		{C72F42E4-6134-4196-AAFE-EA27140B2943}.Release|Any CPU.ActiveCfg = Release|Any CPU
		{C72F42E4-6134-4196-AAFE-EA27140B2943}.Release|Any CPU.Build.0 = Release|Any CPU
	EndGlobalSection
	GlobalSection(SolutionProperties) = preSolution
		HideSolutionNode = FALSE
	EndGlobalSection
	GlobalSection(ExtensibilityGlobals) = postSolution
		SolutionGuid = {6609E983-C615-406E-8C80-FA1C533E3F50}
	EndGlobalSection
EndGlobal
